{
  "name": "portofolio",
  "lockfileVersion": 2,
  "requires": true,
  "packages": {
    "": {
      "dependencies": {
        "lightbox2": "^2.11.3",
        "simplelightbox": "^2.10.3"
      }
    },
    "node_modules/lightbox2": {
      "version": "2.11.3",
      "resolved": "https://registry.npmjs.org/lightbox2/-/lightbox2-2.11.3.tgz",
      "integrity": "sha512-Q4v6il/OK9ttgEkAxSok/jrI/LUbqTrePFchqP2x/59qaDIZgJjEEc5Xf7peSMc/55Zo5PAgmX6EiN/BeEeUBQ=="
    },
    "node_modules/simplelightbox": {
      "version": "2.10.3",
      "resolved": "https://registry.npmjs.org/simplelightbox/-/simplelightbox-2.10.3.tgz",
      "integrity": "sha512-EvBmxVG5YQGKsaYijyky5J22h4OsOKnv8kWJxUZR9fxWTpxkTj0rbbflZiFJ61F+OEb6cPUFzxUjLoOZF8W2gg=="
    }
  },
  "dependencies": {
    "lightbox2": {
      "version": "2.11.3",
      "resolved": "https://registry.npmjs.org/lightbox2/-/lightbox2-2.11.3.tgz",
      "integrity": "sha512-Q4v6il/OK9ttgEkAxSok/jrI/LUbqTrePFchqP2x/59qaDIZgJjEEc5Xf7peSMc/55Zo5PAgmX6EiN/BeEeUBQ=="
    },
    "simplelightbox": {
      "version": "2.10.3",
      "resolved": "https://registry.npmjs.org/simplelightbox/-/simplelightbox-2.10.3.tgz",
      "integrity": "sha512-EvBmxVG5YQGKsaYijyky5J22h4OsOKnv8kWJxUZR9fxWTpxkTj0rbbflZiFJ61F+OEb6cPUFzxUjLoOZF8W2gg=="
    }
  }
}
